
Microsoft Visual Studio Solution File, Format Version 12.00
# Visual Studio 15
VisualStudioVersion = 15.0.26124.0
MinimumVisualStudioVersion = 15.0.26124.0
Project("{2150E333-8FDC-42A3-9474-1A3956D46DE8}") = "src", "src", "{4CC580DB-2269-4FC5-B0C2-AC1B6C5ABE2A}"
EndProject
Project("{FAE04EC0-301F-11D3-BF4B-00C04F79EFBC}") = "Actio.Api", "src\Actio.Api\Actio.Api.csproj", "{02D5DB9A-5CCE-475D-8A2A-A8ECFE2014FE}"
EndProject
Project("{FAE04EC0-301F-11D3-BF4B-00C04F79EFBC}") = "Actio.Common", "src\Actio.Common\Actio.Common.csproj", "{613F15AE-4487-44FE-9D8C-8D6859D81278}"
EndProject
Project("{FAE04EC0-301F-11D3-BF4B-00C04F79EFBC}") = "Actio.Services.Activities", "src\Actio.Services.Activities\Actio.Services.Activities.csproj", "{C4A04FF1-B2DC-4F1C-9A03-CADC08610987}"
EndProject
Project("{FAE04EC0-301F-11D3-BF4B-00C04F79EFBC}") = "Actio.Services.Identity", "src\Actio.Services.Identity\Actio.Services.Identity.csproj", "{BEEDF50C-CF34-4521-8B0F-DA7348376F13}"
EndProject
Global
	GlobalSection(SolutionConfigurationPlatforms) = preSolution
		Debug|Any CPU = Debug|Any CPU
		Debug|x64 = Debug|x64
		Debug|x86 = Debug|x86
		Release|Any CPU = Release|Any CPU
		Release|x64 = Release|x64
		Release|x86 = Release|x86
	EndGlobalSection
	GlobalSection(SolutionProperties) = preSolution
		HideSolutionNode = FALSE
	EndGlobalSection
	GlobalSection(ProjectConfigurationPlatforms) = postSolution
		{02D5DB9A-5CCE-475D-8A2A-A8ECFE2014FE}.Debug|Any CPU.ActiveCfg = Debug|Any CPU
		{02D5DB9A-5CCE-475D-8A2A-A8ECFE2014FE}.Debug|Any CPU.Build.0 = Debug|Any CPU
		{02D5DB9A-5CCE-475D-8A2A-A8ECFE2014FE}.Debug|x64.ActiveCfg = Debug|Any CPU
		{02D5DB9A-5CCE-475D-8A2A-A8ECFE2014FE}.Debug|x64.Build.0 = Debug|Any CPU
		{02D5DB9A-5CCE-475D-8A2A-A8ECFE2014FE}.Debug|x86.ActiveCfg = Debug|Any CPU
		{02D5DB9A-5CCE-475D-8A2A-A8ECFE2014FE}.Debug|x86.Build.0 = Debug|Any CPU
		{02D5DB9A-5CCE-475D-8A2A-A8ECFE2014FE}.Release|Any CPU.ActiveCfg = Release|Any CPU
		{02D5DB9A-5CCE-475D-8A2A-A8ECFE2014FE}.Release|Any CPU.Build.0 = Release|Any CPU
		{02D5DB9A-5CCE-475D-8A2A-A8ECFE2014FE}.Release|x64.ActiveCfg = Release|Any CPU
		{02D5DB9A-5CCE-475D-8A2A-A8ECFE2014FE}.Release|x64.Build.0 = Release|Any CPU
		{02D5DB9A-5CCE-475D-8A2A-A8ECFE2014FE}.Release|x86.ActiveCfg = Release|Any CPU
		{02D5DB9A-5CCE-475D-8A2A-A8ECFE2014FE}.Release|x86.Build.0 = Release|Any CPU
		{613F15AE-4487-44FE-9D8C-8D6859D81278}.Debug|Any CPU.ActiveCfg = Debug|Any CPU
		{613F15AE-4487-44FE-9D8C-8D6859D81278}.Debug|Any CPU.Build.0 = Debug|Any CPU
		{613F15AE-4487-44FE-9D8C-8D6859D81278}.Debug|x64.ActiveCfg = Debug|Any CPU
		{613F15AE-4487-44FE-9D8C-8D6859D81278}.Debug|x64.Build.0 = Debug|Any CPU
		{613F15AE-4487-44FE-9D8C-8D6859D81278}.Debug|x86.ActiveCfg = Debug|Any CPU
		{613F15AE-4487-44FE-9D8C-8D6859D81278}.Debug|x86.Build.0 = Debug|Any CPU
		{613F15AE-4487-44FE-9D8C-8D6859D81278}.Release|Any CPU.ActiveCfg = Release|Any CPU
		{613F15AE-4487-44FE-9D8C-8D6859D81278}.Release|Any CPU.Build.0 = Release|Any CPU
		{613F15AE-4487-44FE-9D8C-8D6859D81278}.Release|x64.ActiveCfg = Release|Any CPU
		{613F15AE-4487-44FE-9D8C-8D6859D81278}.Release|x64.Build.0 = Release|Any CPU
		{613F15AE-4487-44FE-9D8C-8D6859D81278}.Release|x86.ActiveCfg = Release|Any CPU
		{613F15AE-4487-44FE-9D8C-8D6859D81278}.Release|x86.Build.0 = Release|Any CPU
		{C4A04FF1-B2DC-4F1C-9A03-CADC08610987}.Debug|Any CPU.ActiveCfg = Debug|Any CPU
		{C4A04FF1-B2DC-4F1C-9A03-CADC08610987}.Debug|Any CPU.Build.0 = Debug|Any CPU
		{C4A04FF1-B2DC-4F1C-9A03-CADC08610987}.Debug|x64.ActiveCfg = Debug|Any CPU
		{C4A04FF1-B2DC-4F1C-9A03-CADC08610987}.Debug|x64.Build.0 = Debug|Any CPU
		{C4A04FF1-B2DC-4F1C-9A03-CADC08610987}.Debug|x86.ActiveCfg = Debug|Any CPU
		{C4A04FF1-B2DC-4F1C-9A03-CADC08610987}.Debug|x86.Build.0 = Debug|Any CPU
		{C4A04FF1-B2DC-4F1C-9A03-CADC08610987}.Release|Any CPU.ActiveCfg = Release|Any CPU
		{C4A04FF1-B2DC-4F1C-9A03-CADC08610987}.Release|Any CPU.Build.0 = Release|Any CPU
		{C4A04FF1-B2DC-4F1C-9A03-CADC08610987}.Release|x64.ActiveCfg = Release|Any CPU
		{C4A04FF1-B2DC-4F1C-9A03-CADC08610987}.Release|x64.Build.0 = Release|Any CPU
		{C4A04FF1-B2DC-4F1C-9A03-CADC08610987}.Release|x86.ActiveCfg = Release|Any CPU
		{C4A04FF1-B2DC-4F1C-9A03-CADC08610987}.Release|x86.Build.0 = Release|Any CPU
		{BEEDF50C-CF34-4521-8B0F-DA7348376F13}.Debug|Any CPU.ActiveCfg = Debug|Any CPU
		{BEEDF50C-CF34-4521-8B0F-DA7348376F13}.Debug|Any CPU.Build.0 = Debug|Any CPU
		{BEEDF50C-CF34-4521-8B0F-DA7348376F13}.Debug|x64.ActiveCfg = Debug|Any CPU
		{BEEDF50C-CF34-4521-8B0F-DA7348376F13}.Debug|x64.Build.0 = Debug|Any CPU
		{BEEDF50C-CF34-4521-8B0F-DA7348376F13}.Debug|x86.ActiveCfg = Debug|Any CPU
		{BEEDF50C-CF34-4521-8B0F-DA7348376F13}.Debug|x86.Build.0 = Debug|Any CPU
		{BEEDF50C-CF34-4521-8B0F-DA7348376F13}.Release|Any CPU.ActiveCfg = Release|Any CPU
		{BEEDF50C-CF34-4521-8B0F-DA7348376F13}.Release|Any CPU.Build.0 = Release|Any CPU
		{BEEDF50C-CF34-4521-8B0F-DA7348376F13}.Release|x64.ActiveCfg = Release|Any CPU
		{BEEDF50C-CF34-4521-8B0F-DA7348376F13}.Release|x64.Build.0 = Release|Any CPU
		{BEEDF50C-CF34-4521-8B0F-DA7348376F13}.Release|x86.ActiveCfg = Release|Any CPU
		{BEEDF50C-CF34-4521-8B0F-DA7348376F13}.Release|x86.Build.0 = Release|Any CPU
	EndGlobalSection
	GlobalSection(NestedProjects) = preSolution
		{02D5DB9A-5CCE-475D-8A2A-A8ECFE2014FE} = {4CC580DB-2269-4FC5-B0C2-AC1B6C5ABE2A}
		{613F15AE-4487-44FE-9D8C-8D6859D81278} = {4CC580DB-2269-4FC5-B0C2-AC1B6C5ABE2A}
		{C4A04FF1-B2DC-4F1C-9A03-CADC08610987} = {4CC580DB-2269-4FC5-B0C2-AC1B6C5ABE2A}
		{BEEDF50C-CF34-4521-8B0F-DA7348376F13} = {4CC580DB-2269-4FC5-B0C2-AC1B6C5ABE2A}
	EndGlobalSection
EndGlobal
